// !$*UTF8*$!
{
	archiveVersion = 1;
	classes = {
	};
	objectVersion = 46;
	objects = {

/* Begin PBXBuildFile section */
		F918F525182A9BAD00A2BFA4 /* Gorts_Filters.sf2 in Resources */ = {isa = PBXBuildFile; fileRef = F918F524182A9B9300A2BFA4 /* Gorts_Filters.sf2 */; };
		F918F52E182AAD0300A2BFA4 /* hs-pad-texts.sf2 in Resources */ = {isa = PBXBuildFile; fileRef = F918F52D182AAD0300A2BFA4 /* hs-pad-texts.sf2 */; };
		F918F530182AAD1600A2BFA4 /* tr808.sf2 in Resources */ = {isa = PBXBuildFile; fileRef = F918F52F182AAD1600A2BFA4 /* tr808.sf2 */; };
		F918F532182AADFC00A2BFA4 /* Vintage Dreams Waves v2.sf2 in Resources */ = {isa = PBXBuildFile; fileRef = F918F531182AADFC00A2BFA4 /* Vintage Dreams Waves v2.sf2 */; };
		F918F534182AAE0500A2BFA4 /* HS Synthetic Electronic.sf2 in Resources */ = {isa = PBXBuildFile; fileRef = F918F533182AAE0500A2BFA4 /* HS Synthetic Electronic.sf2 */; };
		F93F987C1829AB7D0017D91F /* Main.storyboard in Resources */ = {isa = PBXBuildFile; fileRef = F93F987B1829AB7D0017D91F /* Main.storyboard */; };
		F94CF52B1836769F001D9C37 /* major.json in Resources */ = {isa = PBXBuildFile; fileRef = F94CF52A1836769F001D9C37 /* major.json */; };
		F94CF52E18367C5C001D9C37 /* SKScale.m in Sources */ = {isa = PBXBuildFile; fileRef = F94CF52D18367C5C001D9C37 /* SKScale.m */; };
		F94CF53118367D6D001D9C37 /* SKThingProp.m in Sources */ = {isa = PBXBuildFile; fileRef = F94CF53018367D6D001D9C37 /* SKThingProp.m */; };
		F999C1C0182C6B8900B428A4 /* SKThing.m in Sources */ = {isa = PBXBuildFile; fileRef = F999C1BF182C6B8900B428A4 /* SKThing.m */; };
		F999C1C31833E59100B428A4 /* SKBus.m in Sources */ = {isa = PBXBuildFile; fileRef = F999C1C21833E59100B428A4 /* SKBus.m */; };
		F9A54A601833EA1100444855 /* SKAudio.m in Sources */ = {isa = PBXBuildFile; fileRef = F9A54A5F1833EA1100444855 /* SKAudio.m */; };
		F9A54A631834008100444855 /* SKAudioError.m in Sources */ = {isa = PBXBuildFile; fileRef = F9A54A621834008100444855 /* SKAudioError.m */; };
		F9A54A6B18340B3A00444855 /* JK_Pads.sf2 in Resources */ = {isa = PBXBuildFile; fileRef = F9A54A6418340B3A00444855 /* JK_Pads.sf2 */; };
		F9A54A6C18340B3A00444855 /* Johansson_BeautifulPad.sf2 in Resources */ = {isa = PBXBuildFile; fileRef = F9A54A6518340B3A00444855 /* Johansson_BeautifulPad.sf2 */; };
		F9A54A6E18340B3A00444855 /* jonnypad6.sf2 in Resources */ = {isa = PBXBuildFile; fileRef = F9A54A6718340B3A00444855 /* jonnypad6.sf2 */; };
		F9A54A6F18340B3A00444855 /* jonnypad8.sf2 in Resources */ = {isa = PBXBuildFile; fileRef = F9A54A6818340B3A00444855 /* jonnypad8.sf2 */; };
		F9A54A7018340B3A00444855 /* rtanpad1.sf2 in Resources */ = {isa = PBXBuildFile; fileRef = F9A54A6918340B3A00444855 /* rtanpad1.sf2 */; };
		F9A54A791834110D00444855 /* synth.sf2 in Resources */ = {isa = PBXBuildFile; fileRef = F9A54A731834110D00444855 /* synth.sf2 */; };
		F9A54A7A1834110D00444855 /* mood.sf2 in Resources */ = {isa = PBXBuildFile; fileRef = F9A54A741834110D00444855 /* mood.sf2 */; };
		F9A54A7B1834110D00444855 /* male.sf2 in Resources */ = {isa = PBXBuildFile; fileRef = F9A54A751834110D00444855 /* male.sf2 */; };
		F9A54A7C1834110D00444855 /* vibra.sf2 in Resources */ = {isa = PBXBuildFile; fileRef = F9A54A761834110D00444855 /* vibra.sf2 */; };
		F9A54A7D1834110D00444855 /* string.sf2 in Resources */ = {isa = PBXBuildFile; fileRef = F9A54A771834110D00444855 /* string.sf2 */; };
		F9A54A7E1834110D00444855 /* organ.sf2 in Resources */ = {isa = PBXBuildFile; fileRef = F9A54A781834110D00444855 /* organ.sf2 */; };
		F9A54A851834281A00444855 /* SKNU.m in Sources */ = {isa = PBXBuildFile; fileRef = F9A54A841834281A00444855 /* SKNU.m */; };
		F9A54A90183436D000444855 /* 2rock9.sf2 in Resources */ = {isa = PBXBuildFile; fileRef = F9A54A86183436D000444855 /* 2rock9.sf2 */; };
		F9A54A91183436D000444855 /* 1115-BassPONK.sf2 in Resources */ = {isa = PBXBuildFile; fileRef = F9A54A87183436D000444855 /* 1115-BassPONK.sf2 */; };
		F9A54A92183436D000444855 /* 1115-Filter Bass 1.SF2 in Resources */ = {isa = PBXBuildFile; fileRef = F9A54A88183436D000444855 /* 1115-Filter Bass 1.SF2 */; };
		F9A54A93183436D000444855 /* 1115-Fingered bass One.sf2 in Resources */ = {isa = PBXBuildFile; fileRef = F9A54A89183436D000444855 /* 1115-Fingered bass One.sf2 */; };
		F9A54A94183436D000444855 /* Acousbass.SF2 in Resources */ = {isa = PBXBuildFile; fileRef = F9A54A8A183436D000444855 /* Acousbass.SF2 */; };
		F9A54A95183436D000444855 /* ACOUSTC-BASS.sf2 in Resources */ = {isa = PBXBuildFile; fileRef = F9A54A8B183436D000444855 /* ACOUSTC-BASS.sf2 */; };
		F9A54A96183436D000444855 /* Arco Basses.sf2 in Resources */ = {isa = PBXBuildFile; fileRef = F9A54A8C183436D000444855 /* Arco Basses.sf2 */; };
		F9A54A97183436D000444855 /* Bass Street (9kb).sf2 in Resources */ = {isa = PBXBuildFile; fileRef = F9A54A8D183436D000444855 /* Bass Street (9kb).sf2 */; };
		F9A54A98183436D000444855 /* Dark Basses.sf2 in Resources */ = {isa = PBXBuildFile; fileRef = F9A54A8E183436D000444855 /* Dark Basses.sf2 */; };
		F9A54A99183436D000444855 /* Emu Planet Phatt Hip Hop.sf2 in Resources */ = {isa = PBXBuildFile; fileRef = F9A54A8F183436D000444855 /* Emu Planet Phatt Hip Hop.sf2 */; };
		F9AD30891828494C0029A51C /* Foundation.framework in Frameworks */ = {isa = PBXBuildFile; fileRef = F9AD30881828494C0029A51C /* Foundation.framework */; };
		F9AD308B1828494C0029A51C /* CoreGraphics.framework in Frameworks */ = {isa = PBXBuildFile; fileRef = F9AD308A1828494C0029A51C /* CoreGraphics.framework */; };
		F9AD308D1828494C0029A51C /* UIKit.framework in Frameworks */ = {isa = PBXBuildFile; fileRef = F9AD308C1828494C0029A51C /* UIKit.framework */; };
		F9AD308F1828494C0029A51C /* SpriteKit.framework in Frameworks */ = {isa = PBXBuildFile; fileRef = F9AD308E1828494C0029A51C /* SpriteKit.framework */; };
		F9AD30951828494C0029A51C /* InfoPlist.strings in Resources */ = {isa = PBXBuildFile; fileRef = F9AD30931828494C0029A51C /* InfoPlist.strings */; };
		F9AD30971828494C0029A51C /* main.m in Sources */ = {isa = PBXBuildFile; fileRef = F9AD30961828494C0029A51C /* main.m */; };
		F9AD309B1828494C0029A51C /* SKAppDelegate.m in Sources */ = {isa = PBXBuildFile; fileRef = F9AD309A1828494C0029A51C /* SKAppDelegate.m */; };
		F9AD30A11828494C0029A51C /* SKViewController.m in Sources */ = {isa = PBXBuildFile; fileRef = F9AD30A01828494C0029A51C /* SKViewController.m */; };
		F9AD30A41828494C0029A51C /* SKField.m in Sources */ = {isa = PBXBuildFile; fileRef = F9AD30A31828494C0029A51C /* SKField.m */; };
		F9AD30A81828494C0029A51C /* Images.xcassets in Resources */ = {isa = PBXBuildFile; fileRef = F9AD30A71828494C0029A51C /* Images.xcassets */; };
		F9AD30AF1828494C0029A51C /* XCTest.framework in Frameworks */ = {isa = PBXBuildFile; fileRef = F9AD30AE1828494C0029A51C /* XCTest.framework */; };
		F9AD30B01828494C0029A51C /* Foundation.framework in Frameworks */ = {isa = PBXBuildFile; fileRef = F9AD30881828494C0029A51C /* Foundation.framework */; };
		F9AD30B11828494C0029A51C /* UIKit.framework in Frameworks */ = {isa = PBXBuildFile; fileRef = F9AD308C1828494C0029A51C /* UIKit.framework */; };
		F9AD30B91828494C0029A51C /* InfoPlist.strings in Resources */ = {isa = PBXBuildFile; fileRef = F9AD30B71828494C0029A51C /* InfoPlist.strings */; };
		F9AD30BB1828494C0029A51C /* SoundKitTests.m in Sources */ = {isa = PBXBuildFile; fileRef = F9AD30BA1828494C0029A51C /* SoundKitTests.m */; };
		F9AD30C5182866AE0029A51C /* CoreMotion.framework in Frameworks */ = {isa = PBXBuildFile; fileRef = F9AD30C4182866AE0029A51C /* CoreMotion.framework */; };
		F9AD30CC182875770029A51C /* Accelerate.framework in Frameworks */ = {isa = PBXBuildFile; fileRef = F9AD30CB182875770029A51C /* Accelerate.framework */; };
		F9AD30D0182875850029A51C /* CoreAudio.framework in Frameworks */ = {isa = PBXBuildFile; fileRef = F9AD30CF182875850029A51C /* CoreAudio.framework */; };
		F9AD30D2182875FD0029A51C /* AudioToolbox.framework in Frameworks */ = {isa = PBXBuildFile; fileRef = F9AD30D1182875FD0029A51C /* AudioToolbox.framework */; };
		F9C2FCDA1829C7FC0056D6E2 /* AudioTest.xm in Sources */ = {isa = PBXBuildFile; fileRef = F9C2FCD91829C7FC0056D6E2 /* AudioTest.xm */; };
/* End PBXBuildFile section */

/* Begin PBXContainerItemProxy section */
		F9AD30B21828494C0029A51C /* PBXContainerItemProxy */ = {
			isa = PBXContainerItemProxy;
			containerPortal = F9AD307D1828494C0029A51C /* Project object */;
			proxyType = 1;
			remoteGlobalIDString = F9AD30841828494C0029A51C;
			remoteInfo = SoundKit;
		};
/* End PBXContainerItemProxy section */

/* Begin PBXFileReference section */
		F918F524182A9B9300A2BFA4 /* Gorts_Filters.sf2 */ = {isa = PBXFileReference; lastKnownFileType = file; path = Gorts_Filters.sf2; sourceTree = "<group>"; };
		F918F52D182AAD0300A2BFA4 /* hs-pad-texts.sf2 */ = {isa = PBXFileReference; lastKnownFileType = file; path = "hs-pad-texts.sf2"; sourceTree = "<group>"; };
		F918F52F182AAD1600A2BFA4 /* tr808.sf2 */ = {isa = PBXFileReference; lastKnownFileType = file; path = tr808.sf2; sourceTree = "<group>"; };
		F918F531182AADFC00A2BFA4 /* Vintage Dreams Waves v2.sf2 */ = {isa = PBXFileReference; lastKnownFileType = file; path = "Vintage Dreams Waves v2.sf2"; sourceTree = "<group>"; };
		F918F533182AAE0500A2BFA4 /* HS Synthetic Electronic.sf2 */ = {isa = PBXFileReference; lastKnownFileType = file; path = "HS Synthetic Electronic.sf2"; sourceTree = "<group>"; };
		F93F987B1829AB7D0017D91F /* Main.storyboard */ = {isa = PBXFileReference; fileEncoding = 4; lastKnownFileType = file.storyboard; path = Main.storyboard; sourceTree = "<group>"; };
		F94CF52A1836769F001D9C37 /* major.json */ = {isa = PBXFileReference; fileEncoding = 4; lastKnownFileType = text.json; path = major.json; sourceTree = "<group>"; };
		F94CF52C18367C5C001D9C37 /* SKScale.h */ = {isa = PBXFileReference; fileEncoding = 4; lastKnownFileType = sourcecode.c.h; path = SKScale.h; sourceTree = "<group>"; };
		F94CF52D18367C5C001D9C37 /* SKScale.m */ = {isa = PBXFileReference; fileEncoding = 4; lastKnownFileType = sourcecode.c.objc; path = SKScale.m; sourceTree = "<group>"; };
		F94CF52F18367D6D001D9C37 /* SKThingProp.h */ = {isa = PBXFileReference; fileEncoding = 4; lastKnownFileType = sourcecode.c.h; path = SKThingProp.h; sourceTree = "<group>"; };
		F94CF53018367D6D001D9C37 /* SKThingProp.m */ = {isa = PBXFileReference; fileEncoding = 4; lastKnownFileType = sourcecode.c.objc; path = SKThingProp.m; sourceTree = "<group>"; };
		F999C1BE182C6B8900B428A4 /* SKThing.h */ = {isa = PBXFileReference; fileEncoding = 4; lastKnownFileType = sourcecode.c.h; path = SKThing.h; sourceTree = "<group>"; };
		F999C1BF182C6B8900B428A4 /* SKThing.m */ = {isa = PBXFileReference; fileEncoding = 4; lastKnownFileType = sourcecode.c.objc; path = SKThing.m; sourceTree = "<group>"; };
		F999C1C11833E59100B428A4 /* SKBus.h */ = {isa = PBXFileReference; fileEncoding = 4; lastKnownFileType = sourcecode.c.h; path = SKBus.h; sourceTree = "<group>"; };
		F999C1C21833E59100B428A4 /* SKBus.m */ = {isa = PBXFileReference; fileEncoding = 4; lastKnownFileType = sourcecode.c.objc; path = SKBus.m; sourceTree = "<group>"; };
		F9A54A5E1833EA1100444855 /* SKAudio.h */ = {isa = PBXFileReference; fileEncoding = 4; lastKnownFileType = sourcecode.c.h; path = SKAudio.h; sourceTree = "<group>"; };
		F9A54A5F1833EA1100444855 /* SKAudio.m */ = {isa = PBXFileReference; fileEncoding = 4; lastKnownFileType = sourcecode.c.objc; path = SKAudio.m; sourceTree = "<group>"; };
		F9A54A611834008100444855 /* SKAudioError.h */ = {isa = PBXFileReference; fileEncoding = 4; lastKnownFileType = sourcecode.c.h; path = SKAudioError.h; sourceTree = "<group>"; };
		F9A54A621834008100444855 /* SKAudioError.m */ = {isa = PBXFileReference; fileEncoding = 4; lastKnownFileType = sourcecode.c.objc; path = SKAudioError.m; sourceTree = "<group>"; };
		F9A54A6418340B3A00444855 /* JK_Pads.sf2 */ = {isa = PBXFileReference; lastKnownFileType = file; path = JK_Pads.sf2; sourceTree = "<group>"; };
		F9A54A6518340B3A00444855 /* Johansson_BeautifulPad.sf2 */ = {isa = PBXFileReference; lastKnownFileType = file; path = Johansson_BeautifulPad.sf2; sourceTree = "<group>"; };
		F9A54A6718340B3A00444855 /* jonnypad6.sf2 */ = {isa = PBXFileReference; lastKnownFileType = file; path = jonnypad6.sf2; sourceTree = "<group>"; };
		F9A54A6818340B3A00444855 /* jonnypad8.sf2 */ = {isa = PBXFileReference; lastKnownFileType = file; path = jonnypad8.sf2; sourceTree = "<group>"; };
		F9A54A6918340B3A00444855 /* rtanpad1.sf2 */ = {isa = PBXFileReference; lastKnownFileType = file; path = rtanpad1.sf2; sourceTree = "<group>"; };
		F9A54A731834110D00444855 /* synth.sf2 */ = {isa = PBXFileReference; lastKnownFileType = file; path = synth.sf2; sourceTree = "<group>"; };
		F9A54A741834110D00444855 /* mood.sf2 */ = {isa = PBXFileReference; lastKnownFileType = file; path = mood.sf2; sourceTree = "<group>"; };
		F9A54A751834110D00444855 /* male.sf2 */ = {isa = PBXFileReference; lastKnownFileType = file; path = male.sf2; sourceTree = "<group>"; };
		F9A54A761834110D00444855 /* vibra.sf2 */ = {isa = PBXFileReference; lastKnownFileType = file; path = vibra.sf2; sourceTree = "<group>"; };
		F9A54A771834110D00444855 /* string.sf2 */ = {isa = PBXFileReference; lastKnownFileType = file; path = string.sf2; sourceTree = "<group>"; };
		F9A54A781834110D00444855 /* organ.sf2 */ = {isa = PBXFileReference; lastKnownFileType = file; path = organ.sf2; sourceTree = "<group>"; };
		F9A54A831834281A00444855 /* SKNU.h */ = {isa = PBXFileReference; fileEncoding = 4; lastKnownFileType = sourcecode.c.h; path = SKNU.h; sourceTree = "<group>"; };
		F9A54A841834281A00444855 /* SKNU.m */ = {isa = PBXFileReference; fileEncoding = 4; lastKnownFileType = sourcecode.c.objc; path = SKNU.m; sourceTree = "<group>"; };
		F9A54A86183436D000444855 /* 2rock9.sf2 */ = {isa = PBXFileReference; lastKnownFileType = file; path = 2rock9.sf2; sourceTree = "<group>"; };
		F9A54A87183436D000444855 /* 1115-BassPONK.sf2 */ = {isa = PBXFileReference; lastKnownFileType = file; path = "1115-BassPONK.sf2"; sourceTree = "<group>"; };
		F9A54A88183436D000444855 /* 1115-Filter Bass 1.SF2 */ = {isa = PBXFileReference; lastKnownFileType = file; path = "1115-Filter Bass 1.SF2"; sourceTree = "<group>"; };
		F9A54A89183436D000444855 /* 1115-Fingered bass One.sf2 */ = {isa = PBXFileReference; lastKnownFileType = file; path = "1115-Fingered bass One.sf2"; sourceTree = "<group>"; };
		F9A54A8A183436D000444855 /* Acousbass.SF2 */ = {isa = PBXFileReference; lastKnownFileType = file; path = Acousbass.SF2; sourceTree = "<group>"; };
		F9A54A8B183436D000444855 /* ACOUSTC-BASS.sf2 */ = {isa = PBXFileReference; lastKnownFileType = file; path = "ACOUSTC-BASS.sf2"; sourceTree = "<group>"; };
		F9A54A8C183436D000444855 /* Arco Basses.sf2 */ = {isa = PBXFileReference; lastKnownFileType = file; path = "Arco Basses.sf2"; sourceTree = "<group>"; };
		F9A54A8D183436D000444855 /* Bass Street (9kb).sf2 */ = {isa = PBXFileReference; lastKnownFileType = file; path = "Bass Street (9kb).sf2"; sourceTree = "<group>"; };
		F9A54A8E183436D000444855 /* Dark Basses.sf2 */ = {isa = PBXFileReference; lastKnownFileType = file; path = "Dark Basses.sf2"; sourceTree = "<group>"; };
		F9A54A8F183436D000444855 /* Emu Planet Phatt Hip Hop.sf2 */ = {isa = PBXFileReference; lastKnownFileType = file; path = "Emu Planet Phatt Hip Hop.sf2"; sourceTree = "<group>"; };
		F9AD30851828494C0029A51C /* SoundKit.app */ = {isa = PBXFileReference; explicitFileType = wrapper.application; includeInIndex = 0; path = SoundKit.app; sourceTree = BUILT_PRODUCTS_DIR; };
		F9AD30881828494C0029A51C /* Foundation.framework */ = {isa = PBXFileReference; lastKnownFileType = wrapper.framework; name = Foundation.framework; path = System/Library/Frameworks/Foundation.framework; sourceTree = SDKROOT; };
		F9AD308A1828494C0029A51C /* CoreGraphics.framework */ = {isa = PBXFileReference; lastKnownFileType = wrapper.framework; name = CoreGraphics.framework; path = System/Library/Frameworks/CoreGraphics.framework; sourceTree = SDKROOT; };
		F9AD308C1828494C0029A51C /* UIKit.framework */ = {isa = PBXFileReference; lastKnownFileType = wrapper.framework; name = UIKit.framework; path = System/Library/Frameworks/UIKit.framework; sourceTree = SDKROOT; };
		F9AD308E1828494C0029A51C /* SpriteKit.framework */ = {isa = PBXFileReference; lastKnownFileType = wrapper.framework; name = SpriteKit.framework; path = System/Library/Frameworks/SpriteKit.framework; sourceTree = SDKROOT; };
		F9AD30921828494C0029A51C /* SoundKit-Info.plist */ = {isa = PBXFileReference; lastKnownFileType = text.plist.xml; path = "SoundKit-Info.plist"; sourceTree = "<group>"; };
		F9AD30941828494C0029A51C /* en */ = {isa = PBXFileReference; lastKnownFileType = text.plist.strings; name = en; path = en.lproj/InfoPlist.strings; sourceTree = "<group>"; };
		F9AD30961828494C0029A51C /* main.m */ = {isa = PBXFileReference; lastKnownFileType = sourcecode.c.objc; path = main.m; sourceTree = "<group>"; };
		F9AD30981828494C0029A51C /* SoundKit-Prefix.pch */ = {isa = PBXFileReference; lastKnownFileType = sourcecode.c.h; path = "SoundKit-Prefix.pch"; sourceTree = "<group>"; };
		F9AD30991828494C0029A51C /* SKAppDelegate.h */ = {isa = PBXFileReference; lastKnownFileType = sourcecode.c.h; path = SKAppDelegate.h; sourceTree = "<group>"; };
		F9AD309A1828494C0029A51C /* SKAppDelegate.m */ = {isa = PBXFileReference; lastKnownFileType = sourcecode.c.objc; path = SKAppDelegate.m; sourceTree = "<group>"; };
		F9AD309D1828494C0029A51C /* Base */ = {isa = PBXFileReference; lastKnownFileType = file.storyboard; name = Base; path = Base.lproj/Main.storyboard; sourceTree = "<group>"; };
		F9AD309F1828494C0029A51C /* SKViewController.h */ = {isa = PBXFileReference; lastKnownFileType = sourcecode.c.h; path = SKViewController.h; sourceTree = "<group>"; };
		F9AD30A01828494C0029A51C /* SKViewController.m */ = {isa = PBXFileReference; lastKnownFileType = sourcecode.c.objc; path = SKViewController.m; sourceTree = "<group>"; };
		F9AD30A21828494C0029A51C /* SKField.h */ = {isa = PBXFileReference; lastKnownFileType = sourcecode.c.h; path = SKField.h; sourceTree = "<group>"; };
		F9AD30A31828494C0029A51C /* SKField.m */ = {isa = PBXFileReference; lastKnownFileType = sourcecode.c.objc; path = SKField.m; sourceTree = "<group>"; };
		F9AD30A71828494C0029A51C /* Images.xcassets */ = {isa = PBXFileReference; lastKnownFileType = folder.assetcatalog; path = Images.xcassets; sourceTree = "<group>"; };
		F9AD30AD1828494C0029A51C /* SoundKitTests.xctest */ = {isa = PBXFileReference; explicitFileType = wrapper.cfbundle; includeInIndex = 0; path = SoundKitTests.xctest; sourceTree = BUILT_PRODUCTS_DIR; };
		F9AD30AE1828494C0029A51C /* XCTest.framework */ = {isa = PBXFileReference; lastKnownFileType = wrapper.framework; name = XCTest.framework; path = Library/Frameworks/XCTest.framework; sourceTree = DEVELOPER_DIR; };
		F9AD30B61828494C0029A51C /* SoundKitTests-Info.plist */ = {isa = PBXFileReference; lastKnownFileType = text.plist.xml; path = "SoundKitTests-Info.plist"; sourceTree = "<group>"; };
		F9AD30B81828494C0029A51C /* en */ = {isa = PBXFileReference; lastKnownFileType = text.plist.strings; name = en; path = en.lproj/InfoPlist.strings; sourceTree = "<group>"; };
		F9AD30BA1828494C0029A51C /* SoundKitTests.m */ = {isa = PBXFileReference; lastKnownFileType = sourcecode.c.objc; path = SoundKitTests.m; sourceTree = "<group>"; };
		F9AD30C4182866AE0029A51C /* CoreMotion.framework */ = {isa = PBXFileReference; lastKnownFileType = wrapper.framework; name = CoreMotion.framework; path = System/Library/Frameworks/CoreMotion.framework; sourceTree = SDKROOT; };
		F9AD30CB182875770029A51C /* Accelerate.framework */ = {isa = PBXFileReference; lastKnownFileType = wrapper.framework; name = Accelerate.framework; path = System/Library/Frameworks/Accelerate.framework; sourceTree = SDKROOT; };
		F9AD30CF182875850029A51C /* CoreAudio.framework */ = {isa = PBXFileReference; lastKnownFileType = wrapper.framework; name = CoreAudio.framework; path = System/Library/Frameworks/CoreAudio.framework; sourceTree = SDKROOT; };
		F9AD30D1182875FD0029A51C /* AudioToolbox.framework */ = {isa = PBXFileReference; lastKnownFileType = wrapper.framework; name = AudioToolbox.framework; path = System/Library/Frameworks/AudioToolbox.framework; sourceTree = SDKROOT; };
		F9C2FCD81829C7FC0056D6E2 /* AudioTest.xh */ = {isa = PBXFileReference; fileEncoding = 4; lastKnownFileType = text; path = AudioTest.xh; sourceTree = "<group>"; };
		F9C2FCD91829C7FC0056D6E2 /* AudioTest.xm */ = {isa = PBXFileReference; fileEncoding = 4; lastKnownFileType = text; path = AudioTest.xm; sourceTree = "<group>"; };
/* End PBXFileReference section */

/* Begin PBXFrameworksBuildPhase section */
		F9AD30821828494C0029A51C /* Frameworks */ = {
			isa = PBXFrameworksBuildPhase;
			buildActionMask = 2147483647;
			files = (
				F9AD30CC182875770029A51C /* Accelerate.framework in Frameworks */,
				F9AD30D2182875FD0029A51C /* AudioToolbox.framework in Frameworks */,
				F9AD30D0182875850029A51C /* CoreAudio.framework in Frameworks */,
				F9AD30C5182866AE0029A51C /* CoreMotion.framework in Frameworks */,
				F9AD308B1828494C0029A51C /* CoreGraphics.framework in Frameworks */,
				F9AD308D1828494C0029A51C /* UIKit.framework in Frameworks */,
				F9AD308F1828494C0029A51C /* SpriteKit.framework in Frameworks */,
				F9AD30891828494C0029A51C /* Foundation.framework in Frameworks */,
			);
			runOnlyForDeploymentPostprocessing = 0;
		};
		F9AD30AA1828494C0029A51C /* Frameworks */ = {
			isa = PBXFrameworksBuildPhase;
			buildActionMask = 2147483647;
			files = (
				F9AD30AF1828494C0029A51C /* XCTest.framework in Frameworks */,
				F9AD30B11828494C0029A51C /* UIKit.framework in Frameworks */,
				F9AD30B01828494C0029A51C /* Foundation.framework in Frameworks */,
			);
			runOnlyForDeploymentPostprocessing = 0;
		};
/* End PBXFrameworksBuildPhase section */

/* Begin PBXGroup section */
		F93F98C51829ADCE0017D91F /* iPad */ = {
			isa = PBXGroup;
			children = (
			);
			name = iPad;
			sourceTree = "<group>";
		};
		F94CF5281836766B001D9C37 /* Scales */ = {
			isa = PBXGroup;
			children = (
				F94CF52A1836769F001D9C37 /* major.json */,
			);
			name = Scales;
			sourceTree = "<group>";
		};
		F9A54A7218340D0800444855 /* SF2 */ = {
			isa = PBXGroup;
			children = (
				F9A54A86183436D000444855 /* 2rock9.sf2 */,
				F9A54A87183436D000444855 /* 1115-BassPONK.sf2 */,
				F9A54A88183436D000444855 /* 1115-Filter Bass 1.SF2 */,
				F9A54A89183436D000444855 /* 1115-Fingered bass One.sf2 */,
				F9A54A8A183436D000444855 /* Acousbass.SF2 */,
				F9A54A8B183436D000444855 /* ACOUSTC-BASS.sf2 */,
				F9A54A8C183436D000444855 /* Arco Basses.sf2 */,
				F9A54A8D183436D000444855 /* Bass Street (9kb).sf2 */,
				F9A54A8E183436D000444855 /* Dark Basses.sf2 */,
				F9A54A8F183436D000444855 /* Emu Planet Phatt Hip Hop.sf2 */,
				F9A54A731834110D00444855 /* synth.sf2 */,
				F9A54A741834110D00444855 /* mood.sf2 */,
				F9A54A751834110D00444855 /* male.sf2 */,
				F9A54A761834110D00444855 /* vibra.sf2 */,
				F9A54A771834110D00444855 /* string.sf2 */,
				F9A54A781834110D00444855 /* organ.sf2 */,
				F918F533182AAE0500A2BFA4 /* HS Synthetic Electronic.sf2 */,
				F918F531182AADFC00A2BFA4 /* Vintage Dreams Waves v2.sf2 */,
				F918F52F182AAD1600A2BFA4 /* tr808.sf2 */,
				F918F52D182AAD0300A2BFA4 /* hs-pad-texts.sf2 */,
				F918F524182A9B9300A2BFA4 /* Gorts_Filters.sf2 */,
				F9A54A6418340B3A00444855 /* JK_Pads.sf2 */,
				F9A54A6518340B3A00444855 /* Johansson_BeautifulPad.sf2 */,
				F9A54A6718340B3A00444855 /* jonnypad6.sf2 */,
				F9A54A6818340B3A00444855 /* jonnypad8.sf2 */,
				F9A54A6918340B3A00444855 /* rtanpad1.sf2 */,
			);
			name = SF2;
			sourceTree = "<group>";
		};
		F9AD307C1828494C0029A51C = {
			isa = PBXGroup;
			children = (
				F93F987B1829AB7D0017D91F /* Main.storyboard */,
				F9AD30901828494C0029A51C /* SoundKit */,
				F9AD30B41828494C0029A51C /* SoundKitTests */,
				F9AD30871828494C0029A51C /* Frameworks */,
				F9AD30861828494C0029A51C /* Products */,
			);
			sourceTree = "<group>";
		};
		F9AD30861828494C0029A51C /* Products */ = {
			isa = PBXGroup;
			children = (
				F9AD30851828494C0029A51C /* SoundKit.app */,
				F9AD30AD1828494C0029A51C /* SoundKitTests.xctest */,
			);
			name = Products;
			sourceTree = "<group>";
		};
		F9AD30871828494C0029A51C /* Frameworks */ = {
			isa = PBXGroup;
			children = (
				F9AD30D1182875FD0029A51C /* AudioToolbox.framework */,
				F9AD30CF182875850029A51C /* CoreAudio.framework */,
				F9AD30CB182875770029A51C /* Accelerate.framework */,
				F9AD30C4182866AE0029A51C /* CoreMotion.framework */,
				F9AD30881828494C0029A51C /* Foundation.framework */,
				F9AD308A1828494C0029A51C /* CoreGraphics.framework */,
				F9AD308C1828494C0029A51C /* UIKit.framework */,
				F9AD308E1828494C0029A51C /* SpriteKit.framework */,
				F9AD30AE1828494C0029A51C /* XCTest.framework */,
			);
			name = Frameworks;
			sourceTree = "<group>";
		};
		F9AD30901828494C0029A51C /* SoundKit */ = {
			isa = PBXGroup;
			children = (
				F94CF5281836766B001D9C37 /* Scales */,
				F9C2FCDB182A8FA00056D6E2 /* Audio */,
				F9C2FCD81829C7FC0056D6E2 /* AudioTest.xh */,
				F9C2FCD91829C7FC0056D6E2 /* AudioTest.xm */,
				F93F98C51829ADCE0017D91F /* iPad */,
				F9AD30991828494C0029A51C /* SKAppDelegate.h */,
				F9AD309A1828494C0029A51C /* SKAppDelegate.m */,
				F9AD309C1828494C0029A51C /* Main.storyboard */,
				F9AD309F1828494C0029A51C /* SKViewController.h */,
				F9AD30A01828494C0029A51C /* SKViewController.m */,
				F9AD30A21828494C0029A51C /* SKField.h */,
				F9AD30A31828494C0029A51C /* SKField.m */,
				F9AD30A71828494C0029A51C /* Images.xcassets */,
				F9AD30911828494C0029A51C /* Supporting Files */,
				F999C1BE182C6B8900B428A4 /* SKThing.h */,
				F999C1BF182C6B8900B428A4 /* SKThing.m */,
				F94CF52C18367C5C001D9C37 /* SKScale.h */,
				F94CF52D18367C5C001D9C37 /* SKScale.m */,
				F94CF52F18367D6D001D9C37 /* SKThingProp.h */,
				F94CF53018367D6D001D9C37 /* SKThingProp.m */,
			);
			path = SoundKit;
			sourceTree = "<group>";
		};
		F9AD30911828494C0029A51C /* Supporting Files */ = {
			isa = PBXGroup;
			children = (
				F9AD30921828494C0029A51C /* SoundKit-Info.plist */,
				F9AD30931828494C0029A51C /* InfoPlist.strings */,
				F9AD30961828494C0029A51C /* main.m */,
				F9AD30981828494C0029A51C /* SoundKit-Prefix.pch */,
			);
			name = "Supporting Files";
			sourceTree = "<group>";
		};
		F9AD30B41828494C0029A51C /* SoundKitTests */ = {
			isa = PBXGroup;
			children = (
				F9AD30BA1828494C0029A51C /* SoundKitTests.m */,
				F9AD30B51828494C0029A51C /* Supporting Files */,
			);
			path = SoundKitTests;
			sourceTree = "<group>";
		};
		F9AD30B51828494C0029A51C /* Supporting Files */ = {
			isa = PBXGroup;
			children = (
				F9AD30B61828494C0029A51C /* SoundKitTests-Info.plist */,
				F9AD30B71828494C0029A51C /* InfoPlist.strings */,
			);
			name = "Supporting Files";
			sourceTree = "<group>";
		};
		F9C2FCDB182A8FA00056D6E2 /* Audio */ = {
			isa = PBXGroup;
			children = (
				F9A54A7218340D0800444855 /* SF2 */,
				F9A54A5E1833EA1100444855 /* SKAudio.h */,
				F9A54A5F1833EA1100444855 /* SKAudio.m */,
				F999C1C11833E59100B428A4 /* SKBus.h */,
				F999C1C21833E59100B428A4 /* SKBus.m */,
				F9A54A611834008100444855 /* SKAudioError.h */,
				F9A54A621834008100444855 /* SKAudioError.m */,
				F9A54A831834281A00444855 /* SKNU.h */,
				F9A54A841834281A00444855 /* SKNU.m */,
			);
			name = Audio;
			sourceTree = "<group>";
		};
/* End PBXGroup section */

/* Begin PBXNativeTarget section */
		F9AD30841828494C0029A51C /* SoundKit */ = {
			isa = PBXNativeTarget;
			buildConfigurationList = F9AD30BE1828494C0029A51C /* Build configuration list for PBXNativeTarget "SoundKit" */;
			buildPhases = (
				F9AD30811828494C0029A51C /* Sources */,
				F9AD30821828494C0029A51C /* Frameworks */,
				F9AD30831828494C0029A51C /* Resources */,
			);
			buildRules = (
			);
			dependencies = (
			);
			name = SoundKit;
			productName = SoundKit;
			productReference = F9AD30851828494C0029A51C /* SoundKit.app */;
			productType = "com.apple.product-type.application";
		};
		F9AD30AC1828494C0029A51C /* SoundKitTests */ = {
			isa = PBXNativeTarget;
			buildConfigurationList = F9AD30C11828494C0029A51C /* Build configuration list for PBXNativeTarget "SoundKitTests" */;
			buildPhases = (
				F9AD30A91828494C0029A51C /* Sources */,
				F9AD30AA1828494C0029A51C /* Frameworks */,
				F9AD30AB1828494C0029A51C /* Resources */,
			);
			buildRules = (
			);
			dependencies = (
				F9AD30B31828494C0029A51C /* PBXTargetDependency */,
			);
			name = SoundKitTests;
			productName = SoundKitTests;
			productReference = F9AD30AD1828494C0029A51C /* SoundKitTests.xctest */;
			productType = "com.apple.product-type.bundle.unit-test";
		};
/* End PBXNativeTarget section */

/* Begin PBXProject section */
		F9AD307D1828494C0029A51C /* Project object */ = {
			isa = PBXProject;
			attributes = {
				CLASSPREFIX = SK;
				LastUpgradeCheck = 0500;
				ORGANIZATIONNAME = "david karam";
				TargetAttributes = {
					F9AD30AC1828494C0029A51C = {
						TestTargetID = F9AD30841828494C0029A51C;
					};
				};
			};
			buildConfigurationList = F9AD30801828494C0029A51C /* Build configuration list for PBXProject "SoundKit" */;
			compatibilityVersion = "Xcode 3.2";
			developmentRegion = English;
			hasScannedForEncodings = 0;
			knownRegions = (
				en,
				Base,
			);
			mainGroup = F9AD307C1828494C0029A51C;
			productRefGroup = F9AD30861828494C0029A51C /* Products */;
			projectDirPath = "";
			projectRoot = "";
			targets = (
				F9AD30841828494C0029A51C /* SoundKit */,
				F9AD30AC1828494C0029A51C /* SoundKitTests */,
			);
		};
/* End PBXProject section */

/* Begin PBXResourcesBuildPhase section */
		F9AD30831828494C0029A51C /* Resources */ = {
			isa = PBXResourcesBuildPhase;
			buildActionMask = 2147483647;
			files = (
				F9A54A7D1834110D00444855 /* string.sf2 in Resources */,
				F9A54A7B1834110D00444855 /* male.sf2 in Resources */,
				F9A54A96183436D000444855 /* Arco Basses.sf2 in Resources */,
				F918F532182AADFC00A2BFA4 /* Vintage Dreams Waves v2.sf2 in Resources */,
				F9A54A7A1834110D00444855 /* mood.sf2 in Resources */,
				F9A54A791834110D00444855 /* synth.sf2 in Resources */,
				F9A54A97183436D000444855 /* Bass Street (9kb).sf2 in Resources */,
				F9A54A6E18340B3A00444855 /* jonnypad6.sf2 in Resources */,
				F918F530182AAD1600A2BFA4 /* tr808.sf2 in Resources */,
				F918F534182AAE0500A2BFA4 /* HS Synthetic Electronic.sf2 in Resources */,
				F9A54A92183436D000444855 /* 1115-Filter Bass 1.SF2 in Resources */,
				F94CF52B1836769F001D9C37 /* major.json in Resources */,
				F9A54A7018340B3A00444855 /* rtanpad1.sf2 in Resources */,
				F9A54A93183436D000444855 /* 1115-Fingered bass One.sf2 in Resources */,
				F9A54A99183436D000444855 /* Emu Planet Phatt Hip Hop.sf2 in Resources */,
				F918F52E182AAD0300A2BFA4 /* hs-pad-texts.sf2 in Resources */,
				F9A54A6B18340B3A00444855 /* JK_Pads.sf2 in Resources */,
				F918F525182A9BAD00A2BFA4 /* Gorts_Filters.sf2 in Resources */,
				F9A54A91183436D000444855 /* 1115-BassPONK.sf2 in Resources */,
				F9A54A7C1834110D00444855 /* vibra.sf2 in Resources */,
				F9A54A95183436D000444855 /* ACOUSTC-BASS.sf2 in Resources */,
				F9A54A90183436D000444855 /* 2rock9.sf2 in Resources */,
				F9A54A6C18340B3A00444855 /* Johansson_BeautifulPad.sf2 in Resources */,
				F9A54A94183436D000444855 /* Acousbass.SF2 in Resources */,
				F9A54A6F18340B3A00444855 /* jonnypad8.sf2 in Resources */,
				F9A54A98183436D000444855 /* Dark Basses.sf2 in Resources */,
				F93F987C1829AB7D0017D91F /* Main.storyboard in Resources */,
				F9A54A7E1834110D00444855 /* organ.sf2 in Resources */,
				F9AD30951828494C0029A51C /* InfoPlist.strings in Resources */,
				F9AD30A81828494C0029A51C /* Images.xcassets in Resources */,
			);
			runOnlyForDeploymentPostprocessing = 0;
		};
		F9AD30AB1828494C0029A51C /* Resources */ = {
			isa = PBXResourcesBuildPhase;
			buildActionMask = 2147483647;
			files = (
				F9AD30B91828494C0029A51C /* InfoPlist.strings in Resources */,
			);
			runOnlyForDeploymentPostprocessing = 0;
		};
/* End PBXResourcesBuildPhase section */

/* Begin PBXSourcesBuildPhase section */
		F9AD30811828494C0029A51C /* Sources */ = {
			isa = PBXSourcesBuildPhase;
			buildActionMask = 2147483647;
			files = (
				F9A54A851834281A00444855 /* SKNU.m in Sources */,
				F9AD30A41828494C0029A51C /* SKField.m in Sources */,
				F94CF52E18367C5C001D9C37 /* SKScale.m in Sources */,
				F9AD309B1828494C0029A51C /* SKAppDelegate.m in Sources */,
				F999C1C31833E59100B428A4 /* SKBus.m in Sources */,
				F94CF53118367D6D001D9C37 /* SKThingProp.m in Sources */,
				F999C1C0182C6B8900B428A4 /* SKThing.m in Sources */,
				F9AD30A11828494C0029A51C /* SKViewController.m in Sources */,
				F9A54A601833EA1100444855 /* SKAudio.m in Sources */,
				F9A54A631834008100444855 /* SKAudioError.m in Sources */,
				F9AD30971828494C0029A51C /* main.m in Sources */,
				F9C2FCDA1829C7FC0056D6E2 /* AudioTest.xm in Sources */,
			);
			runOnlyForDeploymentPostprocessing = 0;
		};
		F9AD30A91828494C0029A51C /* Sources */ = {
			isa = PBXSourcesBuildPhase;
			buildActionMask = 2147483647;
			files = (
				F9AD30BB1828494C0029A51C /* SoundKitTests.m in Sources */,
			);
			runOnlyForDeploymentPostprocessing = 0;
		};
/* End PBXSourcesBuildPhase section */

/* Begin PBXTargetDependency section */
		F9AD30B31828494C0029A51C /* PBXTargetDependency */ = {
			isa = PBXTargetDependency;
			target = F9AD30841828494C0029A51C /* SoundKit */;
			targetProxy = F9AD30B21828494C0029A51C /* PBXContainerItemProxy */;
		};
/* End PBXTargetDependency section */

/* Begin PBXVariantGroup section */
		F9AD30931828494C0029A51C /* InfoPlist.strings */ = {
			isa = PBXVariantGroup;
			children = (
				F9AD30941828494C0029A51C /* en */,
			);
			name = InfoPlist.strings;
			sourceTree = "<group>";
		};
		F9AD309C1828494C0029A51C /* Main.storyboard */ = {
			isa = PBXVariantGroup;
			children = (
				F9AD309D1828494C0029A51C /* Base */,
			);
			name = Main.storyboard;
			sourceTree = "<group>";
		};
		F9AD30B71828494C0029A51C /* InfoPlist.strings */ = {
			isa = PBXVariantGroup;
			children = (
				F9AD30B81828494C0029A51C /* en */,
			);
			name = InfoPlist.strings;
			sourceTree = "<group>";
		};
/* End PBXVariantGroup section */

/* Begin XCBuildConfiguration section */
		F9AD30BC1828494C0029A51C /* Debug */ = {
			isa = XCBuildConfiguration;
			buildSettings = {
				ALWAYS_SEARCH_USER_PATHS = NO;
				ARCHS = "$(ARCHS_STANDARD_INCLUDING_64_BIT)";
				CLANG_CXX_LANGUAGE_STANDARD = "compiler-default";
				CLANG_CXX_LIBRARY = "compiler-default";
				CLANG_ENABLE_MODULES = NO;
				CLANG_ENABLE_OBJC_ARC = NO;
				CLANG_WARN_BOOL_CONVERSION = YES;
				CLANG_WARN_CONSTANT_CONVERSION = YES;
				CLANG_WARN_DIRECT_OBJC_ISA_USAGE = YES_ERROR;
				CLANG_WARN_EMPTY_BODY = YES;
				CLANG_WARN_ENUM_CONVERSION = YES;
				CLANG_WARN_INT_CONVERSION = YES;
				CLANG_WARN_OBJC_ROOT_CLASS = YES_ERROR;
				CLANG_WARN__DUPLICATE_METHOD_MATCH = YES;
				"CODE_SIGN_IDENTITY[sdk=iphoneos*]" = "iPhone Developer";
				COPY_PHASE_STRIP = NO;
				GCC_C_LANGUAGE_STANDARD = gnu99;
				GCC_DYNAMIC_NO_PIC = NO;
				GCC_OPTIMIZATION_LEVEL = 0;
				GCC_PREPROCESSOR_DEFINITIONS = (
					"DEBUG=1",
					"$(inherited)",
				);
				GCC_SYMBOLS_PRIVATE_EXTERN = NO;
				GCC_WARN_64_TO_32_BIT_CONVERSION = YES;
				GCC_WARN_ABOUT_RETURN_TYPE = YES_ERROR;
				GCC_WARN_UNDECLARED_SELECTOR = YES;
				GCC_WARN_UNINITIALIZED_AUTOS = YES;
				GCC_WARN_UNUSED_FUNCTION = YES;
				GCC_WARN_UNUSED_VARIABLE = YES;
				IPHONEOS_DEPLOYMENT_TARGET = 6.1;
				ONLY_ACTIVE_ARCH = YES;
				SDKROOT = iphoneos;
			};
			name = Debug;
		};
		F9AD30BD1828494C0029A51C /* Release */ = {
			isa = XCBuildConfiguration;
			buildSettings = {
				ALWAYS_SEARCH_USER_PATHS = NO;
				ARCHS = "$(ARCHS_STANDARD_INCLUDING_64_BIT)";
				CLANG_CXX_LANGUAGE_STANDARD = "compiler-default";
				CLANG_CXX_LIBRARY = "compiler-default";
				CLANG_ENABLE_MODULES = NO;
				CLANG_ENABLE_OBJC_ARC = NO;
				CLANG_WARN_BOOL_CONVERSION = YES;
				CLANG_WARN_CONSTANT_CONVERSION = YES;
				CLANG_WARN_DIRECT_OBJC_ISA_USAGE = YES_ERROR;
				CLANG_WARN_EMPTY_BODY = YES;
				CLANG_WARN_ENUM_CONVERSION = YES;
				CLANG_WARN_INT_CONVERSION = YES;
				CLANG_WARN_OBJC_ROOT_CLASS = YES_ERROR;
				CLANG_WARN__DUPLICATE_METHOD_MATCH = YES;
				"CODE_SIGN_IDENTITY[sdk=iphoneos*]" = "iPhone Developer";
				COPY_PHASE_STRIP = YES;
				ENABLE_NS_ASSERTIONS = NO;
				GCC_C_LANGUAGE_STANDARD = gnu99;
				GCC_WARN_64_TO_32_BIT_CONVERSION = YES;
				GCC_WARN_ABOUT_RETURN_TYPE = YES_ERROR;
				GCC_WARN_UNDECLARED_SELECTOR = YES;
				GCC_WARN_UNINITIALIZED_AUTOS = YES;
				GCC_WARN_UNUSED_FUNCTION = YES;
				GCC_WARN_UNUSED_VARIABLE = YES;
				IPHONEOS_DEPLOYMENT_TARGET = 6.1;
				SDKROOT = iphoneos;
				VALIDATE_PRODUCT = YES;
			};
			name = Release;
		};
		F9AD30BF1828494C0029A51C /* Debug */ = {
			isa = XCBuildConfiguration;
			buildSettings = {
				ALWAYS_SEARCH_USER_PATHS = NO;
				ARCHS = "$(ARCHS_STANDARD_INCLUDING_64_BIT)";
				ASSETCATALOG_COMPILER_APPICON_NAME = AppIcon;
				ASSETCATALOG_COMPILER_LAUNCHIMAGE_NAME = LaunchImage;
				FRAMEWORK_SEARCH_PATHS = "$(inherited)";
				GCC_PRECOMPILE_PREFIX_HEADER = YES;
				GCC_PREFIX_HEADER = "SoundKit/SoundKit-Prefix.pch";
				INFOPLIST_FILE = "SoundKit/SoundKit-Info.plist";
				IPHONEOS_DEPLOYMENT_TARGET = 7.0;
				PRODUCT_NAME = "$(TARGET_NAME)";
				SPRITEKIT_TEXTURE_ATLAS_OUTPUT = YES;
				TARGETED_DEVICE_FAMILY = "1,2";
				VALID_ARCHS = "armv7 armv7s arm64";
				WRAPPER_EXTENSION = app;
			};
			name = Debug;
		};
		F9AD30C01828494C0029A51C /* Release */ = {
			isa = XCBuildConfiguration;
			buildSettings = {
				ALWAYS_SEARCH_USER_PATHS = NO;
				ARCHS = "$(ARCHS_STANDARD_INCLUDING_64_BIT)";
				ASSETCATALOG_COMPILER_APPICON_NAME = AppIcon;
				ASSETCATALOG_COMPILER_LAUNCHIMAGE_NAME = LaunchImage;
				FRAMEWORK_SEARCH_PATHS = "$(inherited)";
				GCC_PRECOMPILE_PREFIX_HEADER = YES;
				GCC_PREFIX_HEADER = "SoundKit/SoundKit-Prefix.pch";
				INFOPLIST_FILE = "SoundKit/SoundKit-Info.plist";
				IPHONEOS_DEPLOYMENT_TARGET = 7.0;
				PRODUCT_NAME = "$(TARGET_NAME)";
				SPRITEKIT_TEXTURE_ATLAS_OUTPUT = YES;
				TARGETED_DEVICE_FAMILY = "1,2";
				VALID_ARCHS = "armv7 armv7s arm64";
				WRAPPER_EXTENSION = app;
			};
			name = Release;
		};
		F9AD30C21828494C0029A51C /* Debug */ = {
			isa = XCBuildConfiguration;
			buildSettings = {
				ARCHS = "$(ARCHS_STANDARD_INCLUDING_64_BIT)";
				BUNDLE_LOADER = "$(BUILT_PRODUCTS_DIR)/SoundKit.app/SoundKit";
				FRAMEWORK_SEARCH_PATHS = (
					"$(SDKROOT)/Developer/Library/Frameworks",
					"$(inherited)",
					"$(DEVELOPER_FRAMEWORKS_DIR)",
				);
				GCC_PRECOMPILE_PREFIX_HEADER = YES;
				GCC_PREFIX_HEADER = "SoundKit/SoundKit-Prefix.pch";
				GCC_PREPROCESSOR_DEFINITIONS = (
					"DEBUG=1",
					"$(inherited)",
				);
				INFOPLIST_FILE = "SoundKitTests/SoundKitTests-Info.plist";
				PRODUCT_NAME = "$(TARGET_NAME)";
				TEST_HOST = "$(BUNDLE_LOADER)";
				WRAPPER_EXTENSION = xctest;
			};
			name = Debug;
		};
		F9AD30C31828494C0029A51C /* Release */ = {
			isa = XCBuildConfiguration;
			buildSettings = {
				ARCHS = "$(ARCHS_STANDARD_INCLUDING_64_BIT)";
				BUNDLE_LOADER = "$(BUILT_PRODUCTS_DIR)/SoundKit.app/SoundKit";
				FRAMEWORK_SEARCH_PATHS = (
					"$(SDKROOT)/Developer/Library/Frameworks",
					"$(inherited)",
					"$(DEVELOPER_FRAMEWORKS_DIR)",
				);
				GCC_PRECOMPILE_PREFIX_HEADER = YES;
				GCC_PREFIX_HEADER = "SoundKit/SoundKit-Prefix.pch";
				INFOPLIST_FILE = "SoundKitTests/SoundKitTests-Info.plist";
				PRODUCT_NAME = "$(TARGET_NAME)";
				TEST_HOST = "$(BUNDLE_LOADER)";
				WRAPPER_EXTENSION = xctest;
			};
			name = Release;
		};
/* End XCBuildConfiguration section */

/* Begin XCConfigurationList section */
		F9AD30801828494C0029A51C /* Build configuration list for PBXProject "SoundKit" */ = {
			isa = XCConfigurationList;
			buildConfigurations = (
				F9AD30BC1828494C0029A51C /* Debug */,
				F9AD30BD1828494C0029A51C /* Release */,
			);
			defaultConfigurationIsVisible = 0;
			defaultConfigurationName = Release;
		};
		F9AD30BE1828494C0029A51C /* Build configuration list for PBXNativeTarget "SoundKit" */ = {
			isa = XCConfigurationList;
			buildConfigurations = (
				F9AD30BF1828494C0029A51C /* Debug */,
				F9AD30C01828494C0029A51C /* Release */,
			);
			defaultConfigurationIsVisible = 0;
			defaultConfigurationName = Release;
		};
		F9AD30C11828494C0029A51C /* Build configuration list for PBXNativeTarget "SoundKitTests" */ = {
			isa = XCConfigurationList;
			buildConfigurations = (
				F9AD30C21828494C0029A51C /* Debug */,
				F9AD30C31828494C0029A51C /* Release */,
			);
			defaultConfigurationIsVisible = 0;
			defaultConfigurationName = Release;
		};
/* End XCConfigurationList section */
	};
	rootObject = F9AD307D1828494C0029A51C /* Project object */;
}
